
Microsoft Visual Studio Solution File, Format Version 12.00
# Visual Studio Version 17
VisualStudioVersion = 17.1.32228.430
MinimumVisualStudioVersion = 10.0.40219.1
Project("{9A19103F-16F7-4668-BE54-9A1E7A4F7556}") = "Aramis.Api.Web", "Aramis.Api.Web\Aramis.Api.Web.csproj", "{A1AFEEEE-FDCB-4497-9D1D-3AAE55401834}"
EndProject
Project("{9A19103F-16F7-4668-BE54-9A1E7A4F7556}") = "Aramis.Api.SecurityService", "Aramis.Api.SecurityService\Aramis.Api.SecurityService.csproj", "{356F448A-093D-412A-82CB-0F7EF3AB41FB}"
EndProject
Project("{9A19103F-16F7-4668-BE54-9A1E7A4F7556}") = "Aramis.Api.Commons", "Aramis.Api.Commons\Aramis.Api.Commons.csproj", "{244BFE5E-4CBA-4908-84A2-9953016D2B96}"
EndProject
Project("{2150E333-8FDC-42A3-9474-1A3956D46DE8}") = "Solution Items", "Solution Items", "{F9153F04-1A4F-4062-9332-F90E6BA1111D}"
	ProjectSection(SolutionItems) = preProject
		.editorconfig = .editorconfig
	EndProjectSection
EndProject
Project("{9A19103F-16F7-4668-BE54-9A1E7A4F7556}") = "Aramis.Api.CustomersService", "Aramis.Api.CustomersService\Aramis.Api.CustomersService.csproj", "{21EC71D2-ED7D-48AB-A643-8FDA8CE9F43A}"
EndProject
Project("{9A19103F-16F7-4668-BE54-9A1E7A4F7556}") = "Aramis.Api.StockService", "Aramis.Api.StockService\Aramis.Api.StockService.csproj", "{98ECA7CC-6F91-40A9-8F9C-753F6C5C8897}"
EndProject
Project("{9A19103F-16F7-4668-BE54-9A1E7A4F7556}") = "Aramis.Api.OperacionesService", "Aramis.Api.OperacionesService\Aramis.Api.OperacionesService.csproj", "{E07BF519-AB05-4C8C-8BC8-2305C8216AF7}"
EndProject
Project("{9A19103F-16F7-4668-BE54-9A1E7A4F7556}") = "Aramis.Api.FlowService", "Aramis.Api.FlowService\Aramis.Api.FlowService.csproj", "{D1238B3B-4166-4E4F-8103-1D6192F40816}"
EndProject
Project("{9A19103F-16F7-4668-BE54-9A1E7A4F7556}") = "Aramis.Api.FiscalService", "Aramis.Api.FiscalService\Aramis.Api.FiscalService.csproj", "{B5029309-C5D1-4692-BCA5-84FCAA56FF75}"
EndProject
Project("{9A19103F-16F7-4668-BE54-9A1E7A4F7556}") = "Aramis.Api.ReportService", "Aramis.Api.ReportService\Aramis.Api.ReportService.csproj", "{D573FB27-9C47-49E0-A711-A75C784C8D19}"
EndProject
Project("{9A19103F-16F7-4668-BE54-9A1E7A4F7556}") = "Aramis.Api.Repository", "Aramis.Api.Repository\Aramis.Api.Repository.csproj", "{57313993-832E-451A-9ED6-AC746888DC87}"
EndProject
Project("{9A19103F-16F7-4668-BE54-9A1E7A4F7556}") = "Aramis.Api.SupplierService", "Aramis.Api.SupplierService\Aramis.Api.SupplierService.csproj", "{A0761694-5083-4269-9736-BBDF961E9EDA}"
EndProject
Project("{9A19103F-16F7-4668-BE54-9A1E7A4F7556}") = "Aramis.Api.ExceptionService", "Aramis.Api.ExceptionService\Aramis.Api.ExceptionService.csproj", "{32F1AE95-0041-4C2F-B106-5AC1D6BC652A}"
EndProject
Project("{2150E333-8FDC-42A3-9474-1A3956D46DE8}") = "Domain", "Domain", "{1AC0A8C1-E7F9-4822-8E73-6F945905E8E3}"
EndProject
Global
	GlobalSection(SolutionConfigurationPlatforms) = preSolution
		Debug|Any CPU = Debug|Any CPU
		Debug|x64 = Debug|x64
		Release|Any CPU = Release|Any CPU
		Release|x64 = Release|x64
	EndGlobalSection
	GlobalSection(ProjectConfigurationPlatforms) = postSolution
		{A1AFEEEE-FDCB-4497-9D1D-3AAE55401834}.Debug|Any CPU.ActiveCfg = Debug|Any CPU
		{A1AFEEEE-FDCB-4497-9D1D-3AAE55401834}.Debug|Any CPU.Build.0 = Debug|Any CPU
		{A1AFEEEE-FDCB-4497-9D1D-3AAE55401834}.Debug|x64.ActiveCfg = Debug|Any CPU
		{A1AFEEEE-FDCB-4497-9D1D-3AAE55401834}.Debug|x64.Build.0 = Debug|Any CPU
		{A1AFEEEE-FDCB-4497-9D1D-3AAE55401834}.Release|Any CPU.ActiveCfg = Release|Any CPU
		{A1AFEEEE-FDCB-4497-9D1D-3AAE55401834}.Release|Any CPU.Build.0 = Release|Any CPU
		{A1AFEEEE-FDCB-4497-9D1D-3AAE55401834}.Release|x64.ActiveCfg = Release|Any CPU
		{A1AFEEEE-FDCB-4497-9D1D-3AAE55401834}.Release|x64.Build.0 = Release|Any CPU
		{356F448A-093D-412A-82CB-0F7EF3AB41FB}.Debug|Any CPU.ActiveCfg = Debug|Any CPU
		{356F448A-093D-412A-82CB-0F7EF3AB41FB}.Debug|Any CPU.Build.0 = Debug|Any CPU
		{356F448A-093D-412A-82CB-0F7EF3AB41FB}.Debug|x64.ActiveCfg = Debug|Any CPU
		{356F448A-093D-412A-82CB-0F7EF3AB41FB}.Debug|x64.Build.0 = Debug|Any CPU
		{356F448A-093D-412A-82CB-0F7EF3AB41FB}.Release|Any CPU.ActiveCfg = Release|Any CPU
		{356F448A-093D-412A-82CB-0F7EF3AB41FB}.Release|Any CPU.Build.0 = Release|Any CPU
		{356F448A-093D-412A-82CB-0F7EF3AB41FB}.Release|x64.ActiveCfg = Release|Any CPU
		{356F448A-093D-412A-82CB-0F7EF3AB41FB}.Release|x64.Build.0 = Release|Any CPU
		{244BFE5E-4CBA-4908-84A2-9953016D2B96}.Debug|Any CPU.ActiveCfg = Debug|Any CPU
		{244BFE5E-4CBA-4908-84A2-9953016D2B96}.Debug|Any CPU.Build.0 = Debug|Any CPU
		{244BFE5E-4CBA-4908-84A2-9953016D2B96}.Debug|x64.ActiveCfg = Debug|x64
		{244BFE5E-4CBA-4908-84A2-9953016D2B96}.Debug|x64.Build.0 = Debug|x64
		{244BFE5E-4CBA-4908-84A2-9953016D2B96}.Release|Any CPU.ActiveCfg = Release|Any CPU
		{244BFE5E-4CBA-4908-84A2-9953016D2B96}.Release|Any CPU.Build.0 = Release|Any CPU
		{244BFE5E-4CBA-4908-84A2-9953016D2B96}.Release|x64.ActiveCfg = Release|x64
		{244BFE5E-4CBA-4908-84A2-9953016D2B96}.Release|x64.Build.0 = Release|x64
		{21EC71D2-ED7D-48AB-A643-8FDA8CE9F43A}.Debug|Any CPU.ActiveCfg = Debug|Any CPU
		{21EC71D2-ED7D-48AB-A643-8FDA8CE9F43A}.Debug|Any CPU.Build.0 = Debug|Any CPU
		{21EC71D2-ED7D-48AB-A643-8FDA8CE9F43A}.Debug|x64.ActiveCfg = Debug|Any CPU
		{21EC71D2-ED7D-48AB-A643-8FDA8CE9F43A}.Debug|x64.Build.0 = Debug|Any CPU
		{21EC71D2-ED7D-48AB-A643-8FDA8CE9F43A}.Release|Any CPU.ActiveCfg = Release|Any CPU
		{21EC71D2-ED7D-48AB-A643-8FDA8CE9F43A}.Release|Any CPU.Build.0 = Release|Any CPU
		{21EC71D2-ED7D-48AB-A643-8FDA8CE9F43A}.Release|x64.ActiveCfg = Release|Any CPU
		{21EC71D2-ED7D-48AB-A643-8FDA8CE9F43A}.Release|x64.Build.0 = Release|Any CPU
		{98ECA7CC-6F91-40A9-8F9C-753F6C5C8897}.Debug|Any CPU.ActiveCfg = Debug|Any CPU
		{98ECA7CC-6F91-40A9-8F9C-753F6C5C8897}.Debug|Any CPU.Build.0 = Debug|Any CPU
		{98ECA7CC-6F91-40A9-8F9C-753F6C5C8897}.Debug|x64.ActiveCfg = Debug|Any CPU
		{98ECA7CC-6F91-40A9-8F9C-753F6C5C8897}.Debug|x64.Build.0 = Debug|Any CPU
		{98ECA7CC-6F91-40A9-8F9C-753F6C5C8897}.Release|Any CPU.ActiveCfg = Release|Any CPU
		{98ECA7CC-6F91-40A9-8F9C-753F6C5C8897}.Release|Any CPU.Build.0 = Release|Any CPU
		{98ECA7CC-6F91-40A9-8F9C-753F6C5C8897}.Release|x64.ActiveCfg = Release|Any CPU
		{98ECA7CC-6F91-40A9-8F9C-753F6C5C8897}.Release|x64.Build.0 = Release|Any CPU
		{E07BF519-AB05-4C8C-8BC8-2305C8216AF7}.Debug|Any CPU.ActiveCfg = Debug|Any CPU
		{E07BF519-AB05-4C8C-8BC8-2305C8216AF7}.Debug|Any CPU.Build.0 = Debug|Any CPU
		{E07BF519-AB05-4C8C-8BC8-2305C8216AF7}.Debug|x64.ActiveCfg = Debug|Any CPU
		{E07BF519-AB05-4C8C-8BC8-2305C8216AF7}.Debug|x64.Build.0 = Debug|Any CPU
		{E07BF519-AB05-4C8C-8BC8-2305C8216AF7}.Release|Any CPU.ActiveCfg = Release|Any CPU
		{E07BF519-AB05-4C8C-8BC8-2305C8216AF7}.Release|Any CPU.Build.0 = Release|Any CPU
		{E07BF519-AB05-4C8C-8BC8-2305C8216AF7}.Release|x64.ActiveCfg = Release|Any CPU
		{E07BF519-AB05-4C8C-8BC8-2305C8216AF7}.Release|x64.Build.0 = Release|Any CPU
		{D1238B3B-4166-4E4F-8103-1D6192F40816}.Debug|Any CPU.ActiveCfg = Debug|Any CPU
		{D1238B3B-4166-4E4F-8103-1D6192F40816}.Debug|Any CPU.Build.0 = Debug|Any CPU
		{D1238B3B-4166-4E4F-8103-1D6192F40816}.Debug|x64.ActiveCfg = Debug|Any CPU
		{D1238B3B-4166-4E4F-8103-1D6192F40816}.Debug|x64.Build.0 = Debug|Any CPU
		{D1238B3B-4166-4E4F-8103-1D6192F40816}.Release|Any CPU.ActiveCfg = Release|Any CPU
		{D1238B3B-4166-4E4F-8103-1D6192F40816}.Release|Any CPU.Build.0 = Release|Any CPU
		{D1238B3B-4166-4E4F-8103-1D6192F40816}.Release|x64.ActiveCfg = Release|Any CPU
		{D1238B3B-4166-4E4F-8103-1D6192F40816}.Release|x64.Build.0 = Release|Any CPU
		{B5029309-C5D1-4692-BCA5-84FCAA56FF75}.Debug|Any CPU.ActiveCfg = Debug|Any CPU
		{B5029309-C5D1-4692-BCA5-84FCAA56FF75}.Debug|Any CPU.Build.0 = Debug|Any CPU
		{B5029309-C5D1-4692-BCA5-84FCAA56FF75}.Debug|x64.ActiveCfg = Debug|Any CPU
		{B5029309-C5D1-4692-BCA5-84FCAA56FF75}.Debug|x64.Build.0 = Debug|Any CPU
		{B5029309-C5D1-4692-BCA5-84FCAA56FF75}.Release|Any CPU.ActiveCfg = Release|Any CPU
		{B5029309-C5D1-4692-BCA5-84FCAA56FF75}.Release|Any CPU.Build.0 = Release|Any CPU
		{B5029309-C5D1-4692-BCA5-84FCAA56FF75}.Release|x64.ActiveCfg = Release|Any CPU
		{B5029309-C5D1-4692-BCA5-84FCAA56FF75}.Release|x64.Build.0 = Release|Any CPU
		{D573FB27-9C47-49E0-A711-A75C784C8D19}.Debug|Any CPU.ActiveCfg = Debug|Any CPU
		{D573FB27-9C47-49E0-A711-A75C784C8D19}.Debug|Any CPU.Build.0 = Debug|Any CPU
		{D573FB27-9C47-49E0-A711-A75C784C8D19}.Debug|x64.ActiveCfg = Debug|Any CPU
		{D573FB27-9C47-49E0-A711-A75C784C8D19}.Debug|x64.Build.0 = Debug|Any CPU
		{D573FB27-9C47-49E0-A711-A75C784C8D19}.Release|Any CPU.ActiveCfg = Release|Any CPU
		{D573FB27-9C47-49E0-A711-A75C784C8D19}.Release|Any CPU.Build.0 = Release|Any CPU
		{D573FB27-9C47-49E0-A711-A75C784C8D19}.Release|x64.ActiveCfg = Release|Any CPU
		{D573FB27-9C47-49E0-A711-A75C784C8D19}.Release|x64.Build.0 = Release|Any CPU
		{57313993-832E-451A-9ED6-AC746888DC87}.Debug|Any CPU.ActiveCfg = Debug|Any CPU
		{57313993-832E-451A-9ED6-AC746888DC87}.Debug|Any CPU.Build.0 = Debug|Any CPU
		{57313993-832E-451A-9ED6-AC746888DC87}.Debug|x64.ActiveCfg = Debug|Any CPU
		{57313993-832E-451A-9ED6-AC746888DC87}.Debug|x64.Build.0 = Debug|Any CPU
		{57313993-832E-451A-9ED6-AC746888DC87}.Release|Any CPU.ActiveCfg = Release|Any CPU
		{57313993-832E-451A-9ED6-AC746888DC87}.Release|Any CPU.Build.0 = Release|Any CPU
		{57313993-832E-451A-9ED6-AC746888DC87}.Release|x64.ActiveCfg = Release|Any CPU
		{57313993-832E-451A-9ED6-AC746888DC87}.Release|x64.Build.0 = Release|Any CPU
		{A0761694-5083-4269-9736-BBDF961E9EDA}.Debug|Any CPU.ActiveCfg = Debug|Any CPU
		{A0761694-5083-4269-9736-BBDF961E9EDA}.Debug|Any CPU.Build.0 = Debug|Any CPU
		{A0761694-5083-4269-9736-BBDF961E9EDA}.Debug|x64.ActiveCfg = Debug|Any CPU
		{A0761694-5083-4269-9736-BBDF961E9EDA}.Debug|x64.Build.0 = Debug|Any CPU
		{A0761694-5083-4269-9736-BBDF961E9EDA}.Release|Any CPU.ActiveCfg = Release|Any CPU
		{A0761694-5083-4269-9736-BBDF961E9EDA}.Release|Any CPU.Build.0 = Release|Any CPU
		{A0761694-5083-4269-9736-BBDF961E9EDA}.Release|x64.ActiveCfg = Release|Any CPU
		{A0761694-5083-4269-9736-BBDF961E9EDA}.Release|x64.Build.0 = Release|Any CPU
		{32F1AE95-0041-4C2F-B106-5AC1D6BC652A}.Debug|Any CPU.ActiveCfg = Debug|Any CPU
		{32F1AE95-0041-4C2F-B106-5AC1D6BC652A}.Debug|Any CPU.Build.0 = Debug|Any CPU
		{32F1AE95-0041-4C2F-B106-5AC1D6BC652A}.Debug|x64.ActiveCfg = Debug|Any CPU
		{32F1AE95-0041-4C2F-B106-5AC1D6BC652A}.Debug|x64.Build.0 = Debug|Any CPU
		{32F1AE95-0041-4C2F-B106-5AC1D6BC652A}.Release|Any CPU.ActiveCfg = Release|Any CPU
		{32F1AE95-0041-4C2F-B106-5AC1D6BC652A}.Release|Any CPU.Build.0 = Release|Any CPU
		{32F1AE95-0041-4C2F-B106-5AC1D6BC652A}.Release|x64.ActiveCfg = Release|Any CPU
		{32F1AE95-0041-4C2F-B106-5AC1D6BC652A}.Release|x64.Build.0 = Release|Any CPU
	EndGlobalSection
	GlobalSection(SolutionProperties) = preSolution
		HideSolutionNode = FALSE
	EndGlobalSection
	GlobalSection(NestedProjects) = preSolution
		{21EC71D2-ED7D-48AB-A643-8FDA8CE9F43A} = {1AC0A8C1-E7F9-4822-8E73-6F945905E8E3}
	EndGlobalSection
	GlobalSection(ExtensibilityGlobals) = postSolution
		SolutionGuid = {BDC96772-D977-42F8-A2FC-9C884BEA2F46}
	EndGlobalSection
EndGlobal
